
Microsoft Visual Studio Solution File, Format Version 12.00
# Visual Studio 15
Project("{FAE04EC0-301F-11D3-BF4B-00C04F79EFBC}") = "enumFun", "enumFun\enumFun.csproj", "{DB1B09DE-E7F6-4D03-906F-EB3E8E8F3C7B}"
EndProject
Global
	GlobalSection(SolutionConfigurationPlatforms) = preSolution
		Debug|x86 = Debug|x86
		Release|x86 = Release|x86
	EndGlobalSection
	GlobalSection(ProjectConfigurationPlatforms) = postSolution
		{DB1B09DE-E7F6-4D03-906F-EB3E8E8F3C7B}.Debug|x86.ActiveCfg = Debug|x86
		{DB1B09DE-E7F6-4D03-906F-EB3E8E8F3C7B}.Debug|x86.Build.0 = Debug|x86
		{DB1B09DE-E7F6-4D03-906F-EB3E8E8F3C7B}.Release|x86.ActiveCfg = Release|x86
		{DB1B09DE-E7F6-4D03-906F-EB3E8E8F3C7B}.Release|x86.Build.0 = Release|x86
	EndGlobalSection
EndGlobal
